
Microsoft Visual Studio Solution File, Format Version 12.00
# Visual Studio Version 17
VisualStudioVersion = 17.0.31903.59
MinimumVisualStudioVersion = 10.0.40219.1
Project("{FAE04EC0-301F-11D3-BF4B-00C04F79EFBC}") = "AspWebProject", "AspWebProject.csproj", "{C1EF36F4-92E1-4CA7-B6A6-33F644C384EC}"
EndProject
Project("{FAE04EC0-301F-11D3-BF4B-00C04F79EFBC}") = "AspWebProject.Tests", "AspWebProject.Tests\AspWebProject.Tests.csproj", "{729C8EE2-7756-4C9F-BD34-8E3F05C77DD8}"
EndProject
Global
	GlobalSection(SolutionConfigurationPlatforms) = preSolution
		Debug|Any CPU = Debug|Any CPU
		Debug|x64 = Debug|x64
		Debug|x86 = Debug|x86
		Release|Any CPU = Release|Any CPU
		Release|x64 = Release|x64
		Release|x86 = Release|x86
	EndGlobalSection
	GlobalSection(ProjectConfigurationPlatforms) = postSolution
		{C1EF36F4-92E1-4CA7-B6A6-33F644C384EC}.Debug|Any CPU.ActiveCfg = Debug|Any CPU
		{C1EF36F4-92E1-4CA7-B6A6-33F644C384EC}.Debug|Any CPU.Build.0 = Debug|Any CPU
		{C1EF36F4-92E1-4CA7-B6A6-33F644C384EC}.Debug|x64.ActiveCfg = Debug|Any CPU
		{C1EF36F4-92E1-4CA7-B6A6-33F644C384EC}.Debug|x64.Build.0 = Debug|Any CPU
		{C1EF36F4-92E1-4CA7-B6A6-33F644C384EC}.Debug|x86.ActiveCfg = Debug|Any CPU
		{C1EF36F4-92E1-4CA7-B6A6-33F644C384EC}.Debug|x86.Build.0 = Debug|Any CPU
		{C1EF36F4-92E1-4CA7-B6A6-33F644C384EC}.Release|Any CPU.ActiveCfg = Release|Any CPU
		{C1EF36F4-92E1-4CA7-B6A6-33F644C384EC}.Release|Any CPU.Build.0 = Release|Any CPU
		{C1EF36F4-92E1-4CA7-B6A6-33F644C384EC}.Release|x64.ActiveCfg = Release|Any CPU
		{C1EF36F4-92E1-4CA7-B6A6-33F644C384EC}.Release|x64.Build.0 = Release|Any CPU
		{C1EF36F4-92E1-4CA7-B6A6-33F644C384EC}.Release|x86.ActiveCfg = Release|Any CPU
		{C1EF36F4-92E1-4CA7-B6A6-33F644C384EC}.Release|x86.Build.0 = Release|Any CPU
		{729C8EE2-7756-4C9F-BD34-8E3F05C77DD8}.Debug|Any CPU.ActiveCfg = Debug|Any CPU
		{729C8EE2-7756-4C9F-BD34-8E3F05C77DD8}.Debug|Any CPU.Build.0 = Debug|Any CPU
		{729C8EE2-7756-4C9F-BD34-8E3F05C77DD8}.Debug|x64.ActiveCfg = Debug|Any CPU
		{729C8EE2-7756-4C9F-BD34-8E3F05C77DD8}.Debug|x64.Build.0 = Debug|Any CPU
		{729C8EE2-7756-4C9F-BD34-8E3F05C77DD8}.Debug|x86.ActiveCfg = Debug|Any CPU
		{729C8EE2-7756-4C9F-BD34-8E3F05C77DD8}.Debug|x86.Build.0 = Debug|Any CPU
		{729C8EE2-7756-4C9F-BD34-8E3F05C77DD8}.Release|Any CPU.ActiveCfg = Release|Any CPU
		{729C8EE2-7756-4C9F-BD34-8E3F05C77DD8}.Release|Any CPU.Build.0 = Release|Any CPU
		{729C8EE2-7756-4C9F-BD34-8E3F05C77DD8}.Release|x64.ActiveCfg = Release|Any CPU
		{729C8EE2-7756-4C9F-BD34-8E3F05C77DD8}.Release|x64.Build.0 = Release|Any CPU
		{729C8EE2-7756-4C9F-BD34-8E3F05C77DD8}.Release|x86.ActiveCfg = Release|Any CPU
		{729C8EE2-7756-4C9F-BD34-8E3F05C77DD8}.Release|x86.Build.0 = Release|Any CPU
	EndGlobalSection
	GlobalSection(SolutionProperties) = preSolution
		HideSolutionNode = FALSE
	EndGlobalSection
EndGlobal
